
Microsoft Visual Studio Solution File, Format Version 12.00
# Visual Studio Version 16
VisualStudioVersion = 16.0.32630.194
MinimumVisualStudioVersion = 10.0.40219.1
Project("{FAE04EC0-301F-11D3-BF4B-00C04F79EFBC}") = "Klijent", "Klijent\Klijent.csproj", "{1BA4D97F-0E5F-48A5-8954-A89AD39AC2DA}"
EndProject
Project("{FAE04EC0-301F-11D3-BF4B-00C04F79EFBC}") = "ML.NET", "ML.NET\ML.NET.csproj", "{6FB5379B-D847-4AA9-B802-0546C7950767}"
EndProject
Project("{FAE04EC0-301F-11D3-BF4B-00C04F79EFBC}") = "Api", "AngularWebShopAPI\Api.csproj", "{D2BF5AC0-B555-4778-8CCE-B23EAC8E9FE2}"
EndProject
Global
	GlobalSection(SolutionConfigurationPlatforms) = preSolution
		Debug|Any CPU = Debug|Any CPU
		Release|Any CPU = Release|Any CPU
	EndGlobalSection
	GlobalSection(ProjectConfigurationPlatforms) = postSolution
		{1BA4D97F-0E5F-48A5-8954-A89AD39AC2DA}.Debug|Any CPU.ActiveCfg = Debug|Any CPU
		{1BA4D97F-0E5F-48A5-8954-A89AD39AC2DA}.Debug|Any CPU.Build.0 = Debug|Any CPU
		{1BA4D97F-0E5F-48A5-8954-A89AD39AC2DA}.Release|Any CPU.ActiveCfg = Release|Any CPU
		{1BA4D97F-0E5F-48A5-8954-A89AD39AC2DA}.Release|Any CPU.Build.0 = Release|Any CPU
		{6FB5379B-D847-4AA9-B802-0546C7950767}.Debug|Any CPU.ActiveCfg = Debug|Any CPU
		{6FB5379B-D847-4AA9-B802-0546C7950767}.Debug|Any CPU.Build.0 = Debug|Any CPU
		{6FB5379B-D847-4AA9-B802-0546C7950767}.Release|Any CPU.ActiveCfg = Release|Any CPU
		{6FB5379B-D847-4AA9-B802-0546C7950767}.Release|Any CPU.Build.0 = Release|Any CPU
		{D2BF5AC0-B555-4778-8CCE-B23EAC8E9FE2}.Debug|Any CPU.ActiveCfg = Debug|Any CPU
		{D2BF5AC0-B555-4778-8CCE-B23EAC8E9FE2}.Debug|Any CPU.Build.0 = Debug|Any CPU
		{D2BF5AC0-B555-4778-8CCE-B23EAC8E9FE2}.Release|Any CPU.ActiveCfg = Release|Any CPU
		{D2BF5AC0-B555-4778-8CCE-B23EAC8E9FE2}.Release|Any CPU.Build.0 = Release|Any CPU
	EndGlobalSection
	GlobalSection(SolutionProperties) = preSolution
		HideSolutionNode = FALSE
	EndGlobalSection
	GlobalSection(ExtensibilityGlobals) = postSolution
		SolutionGuid = {F6B06781-4D59-41A1-829A-3BCA03DABCD3}
	EndGlobalSection
EndGlobal
